
Microsoft Visual Studio Solution File, Format Version 12.00
# Visual Studio Version 17
VisualStudioVersion = 17.10.34928.147
MinimumVisualStudioVersion = 10.0.40219.1
Project("{9A19103F-16F7-4668-BE54-9A1E7A4F7556}") = "MessageApp.WEB", "MessageApp.WEB\MessageApp.WEB.csproj", "{366EF505-5A68-4F5B-B01E-402A338FBB43}"
EndProject
Project("{9A19103F-16F7-4668-BE54-9A1E7A4F7556}") = "MessageApp.BLL", "MessageApp.BLL\MessageApp.BLL.csproj", "{2682548B-8ADA-4DE9-A96F-B9605640B2CA}"
EndProject
Project("{9A19103F-16F7-4668-BE54-9A1E7A4F7556}") = "MessageApp.DAL", "MessageApp.DAL\MessageApp.DAL.csproj", "{3EEAE78B-CA00-4DCF-B420-DED97CFB6606}"
EndProject
Project("{9A19103F-16F7-4668-BE54-9A1E7A4F7556}") = "MessageApp.API", "MessageApp.API\MessageApp.API.csproj", "{3DEAAAFD-C7A2-4938-A937-E88BB6F45BD1}"
EndProject
Global
	GlobalSection(SolutionConfigurationPlatforms) = preSolution
		Debug|Any CPU = Debug|Any CPU
		Release|Any CPU = Release|Any CPU
	EndGlobalSection
	GlobalSection(ProjectConfigurationPlatforms) = postSolution
		{366EF505-5A68-4F5B-B01E-402A338FBB43}.Debug|Any CPU.ActiveCfg = Debug|Any CPU
		{366EF505-5A68-4F5B-B01E-402A338FBB43}.Debug|Any CPU.Build.0 = Debug|Any CPU
		{366EF505-5A68-4F5B-B01E-402A338FBB43}.Release|Any CPU.ActiveCfg = Release|Any CPU
		{366EF505-5A68-4F5B-B01E-402A338FBB43}.Release|Any CPU.Build.0 = Release|Any CPU
		{2682548B-8ADA-4DE9-A96F-B9605640B2CA}.Debug|Any CPU.ActiveCfg = Debug|Any CPU
		{2682548B-8ADA-4DE9-A96F-B9605640B2CA}.Debug|Any CPU.Build.0 = Debug|Any CPU
		{2682548B-8ADA-4DE9-A96F-B9605640B2CA}.Release|Any CPU.ActiveCfg = Release|Any CPU
		{2682548B-8ADA-4DE9-A96F-B9605640B2CA}.Release|Any CPU.Build.0 = Release|Any CPU
		{3EEAE78B-CA00-4DCF-B420-DED97CFB6606}.Debug|Any CPU.ActiveCfg = Debug|Any CPU
		{3EEAE78B-CA00-4DCF-B420-DED97CFB6606}.Debug|Any CPU.Build.0 = Debug|Any CPU
		{3EEAE78B-CA00-4DCF-B420-DED97CFB6606}.Release|Any CPU.ActiveCfg = Release|Any CPU
		{3EEAE78B-CA00-4DCF-B420-DED97CFB6606}.Release|Any CPU.Build.0 = Release|Any CPU
		{3DEAAAFD-C7A2-4938-A937-E88BB6F45BD1}.Debug|Any CPU.ActiveCfg = Debug|Any CPU
		{3DEAAAFD-C7A2-4938-A937-E88BB6F45BD1}.Debug|Any CPU.Build.0 = Debug|Any CPU
		{3DEAAAFD-C7A2-4938-A937-E88BB6F45BD1}.Release|Any CPU.ActiveCfg = Release|Any CPU
		{3DEAAAFD-C7A2-4938-A937-E88BB6F45BD1}.Release|Any CPU.Build.0 = Release|Any CPU
	EndGlobalSection
	GlobalSection(SolutionProperties) = preSolution
		HideSolutionNode = FALSE
	EndGlobalSection
	GlobalSection(ExtensibilityGlobals) = postSolution
		SolutionGuid = {BE461457-3F28-4CBF-9082-BB1E1923979E}
	EndGlobalSection
EndGlobal
